
Microsoft Visual Studio Solution File, Format Version 12.00
# Visual Studio Version 17
VisualStudioVersion = 17.2.32505.173
MinimumVisualStudioVersion = 10.0.40219.1
Project("{8BC9CEB8-8B4A-11D0-8D11-00A0C91BC942}") = "Rabin", "Rabin\Rabin.vcxproj", "{FE36B8D2-1203-4F81-9439-8A69ACF8BF09}"
EndProject
Global
	GlobalSection(SolutionConfigurationPlatforms) = preSolution
		Debug|x64 = Debug|x64
		Debug|x86 = Debug|x86
		Release|x64 = Release|x64
		Release|x86 = Release|x86
	EndGlobalSection
	GlobalSection(ProjectConfigurationPlatforms) = postSolution
		{FE36B8D2-1203-4F81-9439-8A69ACF8BF09}.Debug|x64.ActiveCfg = Debug|x64
		{FE36B8D2-1203-4F81-9439-8A69ACF8BF09}.Debug|x64.Build.0 = Debug|x64
		{FE36B8D2-1203-4F81-9439-8A69ACF8BF09}.Debug|x86.ActiveCfg = Debug|Win32
		{FE36B8D2-1203-4F81-9439-8A69ACF8BF09}.Debug|x86.Build.0 = Debug|Win32
		{FE36B8D2-1203-4F81-9439-8A69ACF8BF09}.Release|x64.ActiveCfg = Release|x64
		{FE36B8D2-1203-4F81-9439-8A69ACF8BF09}.Release|x64.Build.0 = Release|x64
		{FE36B8D2-1203-4F81-9439-8A69ACF8BF09}.Release|x86.ActiveCfg = Release|Win32
		{FE36B8D2-1203-4F81-9439-8A69ACF8BF09}.Release|x86.Build.0 = Release|Win32
	EndGlobalSection
	GlobalSection(SolutionProperties) = preSolution
		HideSolutionNode = FALSE
	EndGlobalSection
	GlobalSection(ExtensibilityGlobals) = postSolution
		SolutionGuid = {2042BE4E-5809-4196-8F16-E603D013CB33}
	EndGlobalSection
EndGlobal
